// !$*UTF8*$!
{
	archiveVersion = 1;
	classes = {
	};
	objectVersion = 48;
	objects = {

/* Begin PBXBuildFile section */
		60CC2A7B204B1C0200E5B457 /* AppDelegate.swift in Sources */ = {isa = PBXBuildFile; fileRef = 60CC2A7A204B1C0200E5B457 /* AppDelegate.swift */; };
		60CC2A7D204B1C0200E5B457 /* ViewController.swift in Sources */ = {isa = PBXBuildFile; fileRef = 60CC2A7C204B1C0200E5B457 /* ViewController.swift */; };
		60CC2A80204B1C0200E5B457 /* Main.storyboard in Resources */ = {isa = PBXBuildFile; fileRef = 60CC2A7E204B1C0200E5B457 /* Main.storyboard */; };
		60CC2A82204B1C0200E5B457 /* Assets.xcassets in Resources */ = {isa = PBXBuildFile; fileRef = 60CC2A81204B1C0200E5B457 /* Assets.xcassets */; };
		60CC2A85204B1C0200E5B457 /* LaunchScreen.storyboard in Resources */ = {isa = PBXBuildFile; fileRef = 60CC2A83204B1C0200E5B457 /* LaunchScreen.storyboard */; };
/* End PBXBuildFile section */

/* Begin PBXFileReference section */
		60CC2A77204B1C0200E5B457 /* Crimson18.app */ = {isa = PBXFileReference; explicitFileType = wrapper.application; includeInIndex = 0; path = Crimson18.app; sourceTree = BUILT_PRODUCTS_DIR; };
		60CC2A7A204B1C0200E5B457 /* AppDelegate.swift */ = {isa = PBXFileReference; lastKnownFileType = sourcecode.swift; path = AppDelegate.swift; sourceTree = "<group>"; };
		60CC2A7C204B1C0200E5B457 /* ViewController.swift */ = {isa = PBXFileReference; lastKnownFileType = sourcecode.swift; path = ViewController.swift; sourceTree = "<group>"; };
		60CC2A7F204B1C0200E5B457 /* Base */ = {isa = PBXFileReference; lastKnownFileType = file.storyboard; name = Base; path = Base.lproj/Main.storyboard; sourceTree = "<group>"; };
		60CC2A81204B1C0200E5B457 /* Assets.xcassets */ = {isa = PBXFileReference; lastKnownFileType = folder.assetcatalog; path = Assets.xcassets; sourceTree = "<group>"; };
		60CC2A84204B1C0200E5B457 /* Base */ = {isa = PBXFileReference; lastKnownFileType = file.storyboard; name = Base; path = Base.lproj/LaunchScreen.storyboard; sourceTree = "<group>"; };
		60CC2A86204B1C0200E5B457 /* Info.plist */ = {isa = PBXFileReference; lastKnownFileType = text.plist.xml; path = Info.plist; sourceTree = "<group>"; };
/* End PBXFileReference section */

/* Begin PBXFrameworksBuildPhase section */
		60CC2A74204B1C0200E5B457 /* Frameworks */ = {
			isa = PBXFrameworksBuildPhase;
			buildActionMask = 2147483647;
			files = (
			);
			runOnlyForDeploymentPostprocessing = 0;
		};
/* End PBXFrameworksBuildPhase section */

/* Begin PBXGroup section */
		60CC2A6E204B1C0200E5B457 = {
			isa = PBXGroup;
			children = (
				60CC2A79204B1C0200E5B457 /* Crimson18 */,
				60CC2A78204B1C0200E5B457 /* Products */,
			);
			sourceTree = "<group>";
		};
		60CC2A78204B1C0200E5B457 /* Products */ = {
			isa = PBXGroup;
			children = (
				60CC2A77204B1C0200E5B457 /* Crimson18.app */,
			);
			name = Products;
			sourceTree = "<group>";
		};
		60CC2A79204B1C0200E5B457 /* Crimson18 */ = {
			isa = PBXGroup;
			children = (
				60CC2A7A204B1C0200E5B457 /* AppDelegate.swift */,
				60CC2A7C204B1C0200E5B457 /* ViewController.swift */,
				60CC2A7E204B1C0200E5B457 /* Main.storyboard */,
				60CC2A81204B1C0200E5B457 /* Assets.xcassets */,
				60CC2A83204B1C0200E5B457 /* LaunchScreen.storyboard */,
				60CC2A86204B1C0200E5B457 /* Info.plist */,
			);
			path = Crimson18;
			sourceTree = "<group>";
		};
/* End PBXGroup section */

/* Begin PBXNativeTarget section */
		60CC2A76204B1C0200E5B457 /* Crimson18 */ = {
			isa = PBXNativeTarget;
			buildConfigurationList = 60CC2A89204B1C0200E5B457 /* Build configuration list for PBXNativeTarget "Crimson18" */;
			buildPhases = (
				60CC2A73204B1C0200E5B457 /* Sources */,
				60CC2A74204B1C0200E5B457 /* Frameworks */,
				60CC2A75204B1C0200E5B457 /* Resources */,
			);
			buildRules = (
			);
			dependencies = (
			);
			name = Crimson18;
			productName = Crimson18;
			productReference = 60CC2A77204B1C0200E5B457 /* Crimson18.app */;
			productType = "com.apple.product-type.application";
		};
/* End PBXNativeTarget section */

/* Begin PBXProject section */
		60CC2A6F204B1C0200E5B457 /* Project object */ = {
			isa = PBXProject;
			attributes = {
				LastSwiftUpdateCheck = 0910;
				LastUpgradeCheck = 0910;
				ORGANIZATIONNAME = Sita;
				TargetAttributes = {
					60CC2A76204B1C0200E5B457 = {
						CreatedOnToolsVersion = 9.1;
						ProvisioningStyle = Automatic;
					};
				};
			};
			buildConfigurationList = 60CC2A72204B1C0200E5B457 /* Build configuration list for PBXProject "Crimson18" */;
			compatibilityVersion = "Xcode 8.0";
			developmentRegion = en;
			hasScannedForEncodings = 0;
			knownRegions = (
				en,
				Base,
			);
			mainGroup = 60CC2A6E204B1C0200E5B457;
			productRefGroup = 60CC2A78204B1C0200E5B457 /* Products */;
			projectDirPath = "";
			projectRoot = "";
			targets = (
				60CC2A76204B1C0200E5B457 /* Crimson18 */,
			);
		};
/* End PBXProject section */

/* Begin PBXResourcesBuildPhase section */
		60CC2A75204B1C0200E5B457 /* Resources */ = {
			isa = PBXResourcesBuildPhase;
			buildActionMask = 2147483647;
			files = (
				60CC2A85204B1C0200E5B457 /* LaunchScreen.storyboard in Resources */,
				60CC2A82204B1C0200E5B457 /* Assets.xcassets in Resources */,
				60CC2A80204B1C0200E5B457 /* Main.storyboard in Resources */,
			);
			runOnlyForDeploymentPostprocessing = 0;
		};
/* End PBXResourcesBuildPhase section */

/* Begin PBXSourcesBuildPhase section */
		60CC2A73204B1C0200E5B457 /* Sources */ = {
			isa = PBXSourcesBuildPhase;
			buildActionMask = 2147483647;
			files = (
				60CC2A7D204B1C0200E5B457 /* ViewController.swift in Sources */,
				60CC2A7B204B1C0200E5B457 /* AppDelegate.swift in Sources */,
			);
			runOnlyForDeploymentPostprocessing = 0;
		};
/* End PBXSourcesBuildPhase section */

/* Begin PBXVariantGroup section */
		60CC2A7E204B1C0200E5B457 /* Main.storyboard */ = {
			isa = PBXVariantGroup;
			children = (
				60CC2A7F204B1C0200E5B457 /* Base */,
			);
			name = Main.storyboard;
			sourceTree = "<group>";
		};
		60CC2A83204B1C0200E5B457 /* LaunchScreen.storyboard */ = {
			isa = PBXVariantGroup;
			children = (
				60CC2A84204B1C0200E5B457 /* Base */,
			);
			name = LaunchScreen.storyboard;
			sourceTree = "<group>";
		};
/* End PBXVariantGroup section */

/* Begin XCBuildConfiguration section */
		60CC2A87204B1C0200E5B457 /* Debug */ = {
			isa = XCBuildConfiguration;
			buildSettings = {
				ALWAYS_SEARCH_USER_PATHS = NO;
				CLANG_ANALYZER_NONNULL = YES;
				CLANG_ANALYZER_NUMBER_OBJECT_CONVERSION = YES_AGGRESSIVE;
				CLANG_CXX_LANGUAGE_STANDARD = "gnu++14";
				CLANG_CXX_LIBRARY = "libc++";
				CLANG_ENABLE_MODULES = YES;
				CLANG_ENABLE_OBJC_ARC = YES;
				CLANG_WARN_BLOCK_CAPTURE_AUTORELEASING = YES;
				CLANG_WARN_BOOL_CONVERSION = YES;
				CLANG_WARN_COMMA = YES;
				CLANG_WARN_CONSTANT_CONVERSION = YES;
				CLANG_WARN_DIRECT_OBJC_ISA_USAGE = YES_ERROR;
				CLANG_WARN_DOCUMENTATION_COMMENTS = YES;
				CLANG_WARN_EMPTY_BODY = YES;
				CLANG_WARN_ENUM_CONVERSION = YES;
				CLANG_WARN_INFINITE_RECURSION = YES;
				CLANG_WARN_INT_CONVERSION = YES;
				CLANG_WARN_NON_LITERAL_NULL_CONVERSION = YES;
				CLANG_WARN_OBJC_LITERAL_CONVERSION = YES;
				CLANG_WARN_OBJC_ROOT_CLASS = YES_ERROR;
				CLANG_WARN_RANGE_LOOP_ANALYSIS = YES;
				CLANG_WARN_STRICT_PROTOTYPES = YES;
				CLANG_WARN_SUSPICIOUS_MOVE = YES;
				CLANG_WARN_UNGUARDED_AVAILABILITY = YES_AGGRESSIVE;
				CLANG_WARN_UNREACHABLE_CODE = YES;
				CLANG_WARN__DUPLICATE_METHOD_MATCH = YES;
				CODE_SIGN_IDENTITY = "iPhone Developer";
				COPY_PHASE_STRIP = NO;
				DEBUG_INFORMATION_FORMAT = dwarf;
				ENABLE_STRICT_OBJC_MSGSEND = YES;
				ENABLE_TESTABILITY = YES;
				GCC_C_LANGUAGE_STANDARD = gnu11;
				GCC_DYNAMIC_NO_PIC = NO;
				GCC_NO_COMMON_BLOCKS = YES;
				GCC_OPTIMIZATION_LEVEL = 0;
				GCC_PREPROCESSOR_DEFINITIONS = (
					"DEBUG=1",
					"$(inherited)",
				);
				GCC_WARN_64_TO_32_BIT_CONVERSION = YES;
				GCC_WARN_ABOUT_RETURN_TYPE = YES_ERROR;
				GCC_WARN_UNDECLARED_SELECTOR = YES;
				GCC_WARN_UNINITIALIZED_AUTOS = YES_AGGRESSIVE;
				GCC_WARN_UNUSED_FUNCTION = YES;
				GCC_WARN_UNUSED_VARIABLE = YES;
				IPHONEOS_DEPLOYMENT_TARGET = 11.1;
				MTL_ENABLE_DEBUG_INFO = YES;
				ONLY_ACTIVE_ARCH = YES;
				SDKROOT = iphoneos;
				SWIFT_ACTIVE_COMPILATION_CONDITIONS = DEBUG;
				SWIFT_OPTIMIZATION_LEVEL = "-Onone";
			};
			name = Debug;
		};
		60CC2A88204B1C0200E5B457 /* Release */ = {
			isa = XCBuildConfiguration;
			buildSettings = {
				ALWAYS_SEARCH_USER_PATHS = NO;
				CLANG_ANALYZER_NONNULL = YES;
				CLANG_ANALYZER_NUMBER_OBJECT_CONVERSION = YES_AGGRESSIVE;
				CLANG_CXX_LANGUAGE_STANDARD = "gnu++14";
				CLANG_CXX_LIBRARY = "libc++";
				CLANG_ENABLE_MODULES = YES;
				CLANG_ENABLE_OBJC_ARC = YES;
				CLANG_WARN_BLOCK_CAPTURE_AUTORELEASING = YES;
				CLANG_WARN_BOOL_CONVERSION = YES;
				CLANG_WARN_COMMA = YES;
				CLANG_WARN_CONSTANT_CONVERSION = YES;
				CLANG_WARN_DIRECT_OBJC_ISA_USAGE = YES_ERROR;
				CLANG_WARN_DOCUMENTATION_COMMENTS = YES;
				CLANG_WARN_EMPTY_BODY = YES;
				CLANG_WARN_ENUM_CONVERSION = YES;
				CLANG_WARN_INFINITE_RECURSION = YES;
				CLANG_WARN_INT_CONVERSION = YES;
				CLANG_WARN_NON_LITERAL_NULL_CONVERSION = YES;
				CLANG_WARN_OBJC_LITERAL_CONVERSION = YES;
				CLANG_WARN_OBJC_ROOT_CLASS = YES_ERROR;
				CLANG_WARN_RANGE_LOOP_ANALYSIS = YES;
				CLANG_WARN_STRICT_PROTOTYPES = YES;
				CLANG_WARN_SUSPICIOUS_MOVE = YES;
				CLANG_WARN_UNGUARDED_AVAILABILITY = YES_AGGRESSIVE;
				CLANG_WARN_UNREACHABLE_CODE = YES;
				CLANG_WARN__DUPLICATE_METHOD_MATCH = YES;
				CODE_SIGN_IDENTITY = "iPhone Developer";
				COPY_PHASE_STRIP = NO;
				DEBUG_INFORMATION_FORMAT = "dwarf-with-dsym";
				ENABLE_NS_ASSERTIONS = NO;
				ENABLE_STRICT_OBJC_MSGSEND = YES;
				GCC_C_LANGUAGE_STANDARD = gnu11;
				GCC_NO_COMMON_BLOCKS = YES;
				GCC_WARN_64_TO_32_BIT_CONVERSION = YES;
				GCC_WARN_ABOUT_RETURN_TYPE = YES_ERROR;
				GCC_WARN_UNDECLARED_SELECTOR = YES;
				GCC_WARN_UNINITIALIZED_AUTOS = YES_AGGRESSIVE;
				GCC_WARN_UNUSED_FUNCTION = YES;
				GCC_WARN_UNUSED_VARIABLE = YES;
				IPHONEOS_DEPLOYMENT_TARGET = 11.1;
				MTL_ENABLE_DEBUG_INFO = NO;
				SDKROOT = iphoneos;
				SWIFT_OPTIMIZATION_LEVEL = "-Owholemodule";
				VALIDATE_PRODUCT = YES;
			};
			name = Release;
		};
		60CC2A8A204B1C0200E5B457 /* Debug */ = {
			isa = XCBuildConfiguration;
			buildSettings = {
				ASSETCATALOG_COMPILER_APPICON_NAME = AppIcon;
				CODE_SIGN_STYLE = Automatic;
				DEVELOPMENT_TEAM = 8LS3FH556G;
				INFOPLIST_FILE = Crimson18/Info.plist;
				LD_RUNPATH_SEARCH_PATHS = "$(inherited) @executable_path/Frameworks";
				PRODUCT_BUNDLE_IDENTIFIER = com.sita.Crimson18;
				PRODUCT_NAME = "$(TARGET_NAME)";
				SWIFT_VERSION = 4.0;
				TARGETED_DEVICE_FAMILY = "1,2";
			};
			name = Debug;
		};
		60CC2A8B204B1C0200E5B457 /* Release */ = {
			isa = XCBuildConfiguration;
			buildSettings = {
				ASSETCATALOG_COMPILER_APPICON_NAME = AppIcon;
				CODE_SIGN_STYLE = Automatic;
				DEVELOPMENT_TEAM = 8LS3FH556G;
				INFOPLIST_FILE = Crimson18/Info.plist;
				LD_RUNPATH_SEARCH_PATHS = "$(inherited) @executable_path/Frameworks";
				PRODUCT_BUNDLE_IDENTIFIER = com.sita.Crimson18;
				PRODUCT_NAME = "$(TARGET_NAME)";
				SWIFT_VERSION = 4.0;
				TARGETED_DEVICE_FAMILY = "1,2";
			};
			name = Release;
		};
/* End XCBuildConfiguration section */

/* Begin XCConfigurationList section */
		60CC2A72204B1C0200E5B457 /* Build configuration list for PBXProject "Crimson18" */ = {
			isa = XCConfigurationList;
			buildConfigurations = (
				60CC2A87204B1C0200E5B457 /* Debug */,
				60CC2A88204B1C0200E5B457 /* Release */,
			);
			defaultConfigurationIsVisible = 0;
			defaultConfigurationName = Release;
		};
		60CC2A89204B1C0200E5B457 /* Build configuration list for PBXNativeTarget "Crimson18" */ = {
			isa = XCConfigurationList;
			buildConfigurations = (
				60CC2A8A204B1C0200E5B457 /* Debug */,
				60CC2A8B204B1C0200E5B457 /* Release */,
			);
			defaultConfigurationIsVisible = 0;
			defaultConfigurationName = Release;
		};
/* End XCConfigurationList section */
	};
	rootObject = 60CC2A6F204B1C0200E5B457 /* Project object */;
}
